
Microsoft Visual Studio Solution File, Format Version 12.00
# Visual Studio Version 17
VisualStudioVersion = 17.3.32929.385
MinimumVisualStudioVersion = 10.0.40219.1
Project("{FAE04EC0-301F-11D3-BF4B-00C04F79EFBC}") = "ATM", "ATM\ATM.csproj", "{B5DC78C8-FD9F-4505-AB13-269ACEEF668E}"
EndProject
Global
	GlobalSection(SolutionConfigurationPlatforms) = preSolution
		Debug|Any CPU = Debug|Any CPU
		Release|Any CPU = Release|Any CPU
	EndGlobalSection
	GlobalSection(ProjectConfigurationPlatforms) = postSolution
		{B5DC78C8-FD9F-4505-AB13-269ACEEF668E}.Debug|Any CPU.ActiveCfg = Debug|Any CPU
		{B5DC78C8-FD9F-4505-AB13-269ACEEF668E}.Debug|Any CPU.Build.0 = Debug|Any CPU
		{B5DC78C8-FD9F-4505-AB13-269ACEEF668E}.Release|Any CPU.ActiveCfg = Release|Any CPU
		{B5DC78C8-FD9F-4505-AB13-269ACEEF668E}.Release|Any CPU.Build.0 = Release|Any CPU
	EndGlobalSection
	GlobalSection(SolutionProperties) = preSolution
		HideSolutionNode = FALSE
	EndGlobalSection
	GlobalSection(ExtensibilityGlobals) = postSolution
		SolutionGuid = {A8A628C3-CB45-4295-8145-62D4C401CD42}
	EndGlobalSection
EndGlobal
